
Microsoft Visual Studio Solution File, Format Version 11.00
# Visual Studio 2010
Project("{FAE04EC0-301F-11D3-BF4B-00C04F79EFBC}") = "ChunkingFileTransferServices", "ChunkingFileTransferServices\ChunkingFileTransferServices.csproj", "{96A75076-3C92-4069-BE15-3BD07F3E1A43}"
EndProject
Project("{FAE04EC0-301F-11D3-BF4B-00C04F79EFBC}") = "DebugHost", "DebugHost\DebugHost.csproj", "{2EAF4D6F-32A5-41ED-851F-FF6934EBAA99}"
EndProject
Project("{FAE04EC0-301F-11D3-BF4B-00C04F79EFBC}") = "Contracts", "Contracts\Contracts.csproj", "{2253EF6A-0EE8-4D41-91F0-EE7B2D0C3D2E}"
EndProject
Project("{FAE04EC0-301F-11D3-BF4B-00C04F79EFBC}") = "SimpleFileTransferClient", "SimpleFileTransferClient\SimpleFileTransferClient.csproj", "{97B851A3-C20F-47A7-A71B-78B1279792D4}"
EndProject
Global
	GlobalSection(SolutionConfigurationPlatforms) = preSolution
		Debug|Any CPU = Debug|Any CPU
		Debug|Mixed Platforms = Debug|Mixed Platforms
		Debug|x86 = Debug|x86
		Release|Any CPU = Release|Any CPU
		Release|Mixed Platforms = Release|Mixed Platforms
		Release|x86 = Release|x86
	EndGlobalSection
	GlobalSection(ProjectConfigurationPlatforms) = postSolution
		{96A75076-3C92-4069-BE15-3BD07F3E1A43}.Debug|Any CPU.ActiveCfg = Debug|Any CPU
		{96A75076-3C92-4069-BE15-3BD07F3E1A43}.Debug|Any CPU.Build.0 = Debug|Any CPU
		{96A75076-3C92-4069-BE15-3BD07F3E1A43}.Debug|Mixed Platforms.ActiveCfg = Debug|Any CPU
		{96A75076-3C92-4069-BE15-3BD07F3E1A43}.Debug|Mixed Platforms.Build.0 = Debug|Any CPU
		{96A75076-3C92-4069-BE15-3BD07F3E1A43}.Debug|x86.ActiveCfg = Debug|Any CPU
		{96A75076-3C92-4069-BE15-3BD07F3E1A43}.Release|Any CPU.ActiveCfg = Release|Any CPU
		{96A75076-3C92-4069-BE15-3BD07F3E1A43}.Release|Any CPU.Build.0 = Release|Any CPU
		{96A75076-3C92-4069-BE15-3BD07F3E1A43}.Release|Mixed Platforms.ActiveCfg = Release|Any CPU
		{96A75076-3C92-4069-BE15-3BD07F3E1A43}.Release|Mixed Platforms.Build.0 = Release|Any CPU
		{96A75076-3C92-4069-BE15-3BD07F3E1A43}.Release|x86.ActiveCfg = Release|Any CPU
		{2EAF4D6F-32A5-41ED-851F-FF6934EBAA99}.Debug|Any CPU.ActiveCfg = Debug|x86
		{2EAF4D6F-32A5-41ED-851F-FF6934EBAA99}.Debug|Mixed Platforms.ActiveCfg = Debug|x86
		{2EAF4D6F-32A5-41ED-851F-FF6934EBAA99}.Debug|Mixed Platforms.Build.0 = Debug|x86
		{2EAF4D6F-32A5-41ED-851F-FF6934EBAA99}.Debug|x86.ActiveCfg = Debug|x86
		{2EAF4D6F-32A5-41ED-851F-FF6934EBAA99}.Debug|x86.Build.0 = Debug|x86
		{2EAF4D6F-32A5-41ED-851F-FF6934EBAA99}.Release|Any CPU.ActiveCfg = Release|x86
		{2EAF4D6F-32A5-41ED-851F-FF6934EBAA99}.Release|Mixed Platforms.ActiveCfg = Release|x86
		{2EAF4D6F-32A5-41ED-851F-FF6934EBAA99}.Release|Mixed Platforms.Build.0 = Release|x86
		{2EAF4D6F-32A5-41ED-851F-FF6934EBAA99}.Release|x86.ActiveCfg = Release|x86
		{2EAF4D6F-32A5-41ED-851F-FF6934EBAA99}.Release|x86.Build.0 = Release|x86
		{2253EF6A-0EE8-4D41-91F0-EE7B2D0C3D2E}.Debug|Any CPU.ActiveCfg = Debug|Any CPU
		{2253EF6A-0EE8-4D41-91F0-EE7B2D0C3D2E}.Debug|Any CPU.Build.0 = Debug|Any CPU
		{2253EF6A-0EE8-4D41-91F0-EE7B2D0C3D2E}.Debug|Mixed Platforms.ActiveCfg = Debug|Any CPU
		{2253EF6A-0EE8-4D41-91F0-EE7B2D0C3D2E}.Debug|Mixed Platforms.Build.0 = Debug|Any CPU
		{2253EF6A-0EE8-4D41-91F0-EE7B2D0C3D2E}.Debug|x86.ActiveCfg = Debug|Any CPU
		{2253EF6A-0EE8-4D41-91F0-EE7B2D0C3D2E}.Release|Any CPU.ActiveCfg = Release|Any CPU
		{2253EF6A-0EE8-4D41-91F0-EE7B2D0C3D2E}.Release|Any CPU.Build.0 = Release|Any CPU
		{2253EF6A-0EE8-4D41-91F0-EE7B2D0C3D2E}.Release|Mixed Platforms.ActiveCfg = Release|Any CPU
		{2253EF6A-0EE8-4D41-91F0-EE7B2D0C3D2E}.Release|Mixed Platforms.Build.0 = Release|Any CPU
		{2253EF6A-0EE8-4D41-91F0-EE7B2D0C3D2E}.Release|x86.ActiveCfg = Release|Any CPU
		{97B851A3-C20F-47A7-A71B-78B1279792D4}.Debug|Any CPU.ActiveCfg = Debug|x86
		{97B851A3-C20F-47A7-A71B-78B1279792D4}.Debug|Mixed Platforms.ActiveCfg = Debug|x86
		{97B851A3-C20F-47A7-A71B-78B1279792D4}.Debug|Mixed Platforms.Build.0 = Debug|x86
		{97B851A3-C20F-47A7-A71B-78B1279792D4}.Debug|x86.ActiveCfg = Debug|x86
		{97B851A3-C20F-47A7-A71B-78B1279792D4}.Debug|x86.Build.0 = Debug|x86
		{97B851A3-C20F-47A7-A71B-78B1279792D4}.Release|Any CPU.ActiveCfg = Release|x86
		{97B851A3-C20F-47A7-A71B-78B1279792D4}.Release|Mixed Platforms.ActiveCfg = Release|x86
		{97B851A3-C20F-47A7-A71B-78B1279792D4}.Release|Mixed Platforms.Build.0 = Release|x86
		{97B851A3-C20F-47A7-A71B-78B1279792D4}.Release|x86.ActiveCfg = Release|x86
		{97B851A3-C20F-47A7-A71B-78B1279792D4}.Release|x86.Build.0 = Release|x86
	EndGlobalSection
	GlobalSection(SolutionProperties) = preSolution
		HideSolutionNode = FALSE
	EndGlobalSection
EndGlobal
